lockfileVersion: '9.0'

settings:
  autoInstallPeers: true
  excludeLinksFromLockfile: false

importers:

  .:
    dependencies:
      '@openzeppelin/community-contracts':
        specifier: github:OpenZeppelin/openzeppelin-community-contracts#2add94e5b7ce9d040ae5f6c80b6082e8159002da
        version: https://codeload.github.com/OpenZeppelin/openzeppelin-community-contracts/tar.gz/2add94e5b7ce9d040ae5f6c80b6082e8159002da
      '@openzeppelin/contracts':
        specifier: 5.7.0
        version: 5.7.0
    devDependencies:
      forge-std:
        specifier: github:foundry-rs/forge-std#v1.11.0
        version: https://codeload.github.com/foundry-rs/forge-std/tar.gz/8e40513d678f392f398620b3ef2b418648b33e89
      hardhat:
        specifier: 3.18.1
        version: 3.18.1

packages:

  '@esbuild/aix-ppc64@0.28.2':
    resolution: {integrity: sha512-XExcO+dvLKvVtNTibSTBej1NCAbaGhWn9Ww1ZPx80qsahhPFe/8jgWP0IchNe0F3HwkU7n8ejhH8bjonqht8mQ==}
    engines: {node: '>=18'}
    cpu: [ppc64]
    os: [aix]

  '@esbuild/android-arm64@0.28.2':
    resolution: {integrity: sha512-5YfKeeI8qWfBZIX+u2xZC3Zlb3Os/gLS2sbEKM+I4ZOcsWmHS2WLysCcQZDAFRslDUU5Oiq44gf6PYN1vGwG5A==}
    engines: {node: '>=18'}
    cpu: [arm64]
    os: [android]

  '@esbuild/android-arm@0.28.2':
    resolution: {integrity: sha512-kXXoiPVVGQcnIYGOeaovwOURpniDBpSq4A03qkQ+BMQqtGG6HYap3xne9C1O1yo4TR3qxlCX5IqqmX6fFo2Lqg==}
    engines: {node: '>=18'}
    cpu: [arm]
    os: [android]

  '@esbuild/android-x64@0.28.2':
    resolution: {integrity: sha512-O387ite7SzUyCcy3JQX4P4bLtEA7bLLkx+esve5JHnyYfNTxcVpXZo9jhdB0lTKN44gztELTdU7nS8Nr16Fs1Q==}
    engines: {node: '>=18'}
    cpu: [x64]
    os: [android]

  '@esbuild/darwin-arm64@0.28.2':
    resolution: {integrity: sha512-n4KqkOQrraxHJcgjM1RvwbigfQKIKJVpM7xp+KsxiyUSrRdIXnt73VhrPAx0fV44hgfmIVKjxMN9J1t5jySVkw==}
    engines: {node: '>=18'}
    cpu: [arm64]
    os: [darwin]

  '@esbuild/darwin-x64@0.28.2':
    resolution: {integrity: sha512-uq6suIWYP37qzGddBKPw5QEQPi6HiLGsO7UmkpfyaYNQ3D+rN6w6WfwH+nuqcGXWvawGwxOEroO4YGnFh95azw==}
    engines: {node: '>=18'}
    cpu: [x64]
    os: [darwin]

  '@esbuild/freebsd-arm64@0.28.2':
    resolution: {integrity: sha512-n+I0BTSRIoy+d6RPKnEVwql5UwBJolytvY4mAOIEJorKlqgPII8ix6slVVrfZ5Tnj7glIZvloylbB/EJPMWEXw==}
    engines: {node: '>=18'}
    cpu: [arm64]
    os: [freebsd]

  '@esbuild/freebsd-x64@0.28.2':
    resolution: {integrity: sha512-78XJTJkvPs0kz2w61301PJjXl4g7q3JqiYMZ/M/yVI73EHBrCRTgkhu9oqG7vPqq+a/yadEW8aD+agKlk5xrmg==}
    engines: {node: '>=18'}
    cpu: [x64]
    os: [freebsd]

  '@esbuild/linux-arm64@0.28.2':
    resolution: {integrity: sha512-pW4AC0P3it8c7do9MVM4p51FzHzdM/TZrerurgRcHJ2WTa1VQ1CIq18xncfpBJw4ojkiZZrKW2yIBWBP92j6Ug==}
    engines: {node: '>=18'}
    cpu: [arm64]
    os: [linux]

  '@esbuild/linux-arm@0.28.2':
    resolution: {integrity: sha512-XlDnu2q5yoqems+xay6wSAcg9DDD7K9RLKZEBOMZm3ckNpJBvOX20tSfby8KfrrhINDyv9V2YVZKY/SpoGJI8w==}
    engines: {node: '>=18'}
    cpu: [arm]
    os: [linux]

  '@esbuild/linux-ia32@0.28.2':
    resolution: {integrity: sha512-CYbnj78HsIeA+DhgUKgFCfvNsTHFhMMrinUrMZpDXJXKN8T3XViTZ/+wtHeVxEWY8ewSzTFN+nRmSwO2tZaLUQ==}
    engines: {node: '>=18'}
    cpu: [ia32]
    os: [linux]

  '@esbuild/linux-loong64@0.28.2':
    resolution: {integrity: sha512-buwkd8nsph4R+ajRvw0qM5Hja/TXQow3ptzWO2EbG/cqcIkHloRrdlBtQlshyYGTNFvfkfJ5tpPLVkY4DtsPfQ==}
    engines: {node: '>=18'}
    cpu: [loong64]
    os: [linux]

  '@esbuild/linux-mips64el@0.28.2':
    resolution: {integrity: sha512-ZVykbDyk7519VwiNb9Lcj9m8XM6v5V9uKPvrEMkkEedVewf+0itkhahp4HDpgERXhwLRpWFypsGbG/J8s0QjJA==}
    engines: {node: '>=18'}
    cpu: [mips64el]
    os: [linux]

  '@esbuild/linux-ppc64@0.28.2':
    resolution: {integrity: sha512-CAXl+Dtd9UUuJd8pKKdwh6MLm3MUMiqMPmhZ3tTSXPqfyQ3vDl6R5hZdZ/kYojK4ofXtdfSv1tFq8XzWx3heNQ==}
    engines: {node: '>=18'}
    cpu: [ppc64]
    os: [linux]

  '@esbuild/linux-riscv64@0.28.2':
    resolution: {integrity: sha512-GeXCej4IQtU1B+QlDV8W/RRvbzI3O/Stss+/bCXv4lZls5WGRtu2a+3JkA3i4qIUlMXpcHebWpF8AkJhATowuA==}
    engines: {node: '>=18'}
    cpu: [riscv64]
    os: [linux]

  '@esbuild/linux-s390x@0.28.2':
    resolution: {integrity: sha512-3H1weTYZPxt/WOhByszQZybS9w5lKzUn1FDMsgEChbHWQwHYQQRfBxgCcZvPhjHfKyJjIievvMmEUawJrdY9Dg==}
    engines: {node: '>=18'}
    cpu: [s390x]
    os: [linux]

  '@esbuild/linux-x64@0.28.2':
    resolution: {integrity: sha512-4xTZr1FUmSoQW4XIWmit3tzQrUTZM+N3P0XV8xROKYF50XfI7xeO90+1bZvNwxIufQ9hDQVRJH5YhgPVF8A/HQ==}
    engines: {node: '>=18'}
    cpu: [x64]
    os: [linux]

  '@esbuild/netbsd-arm64@0.28.2':
    resolution: {integrity: sha512-sSATRjPeDBg3pdgHoQfoYBob11Kk1FGa9lui5RIHZCoCkJa9QKlvl3/vKz2usCmYYjs7ymJR/2Nnsqe+Hjt5nw==}
    engines: {node: '>=18'}
    cpu: [arm64]
    os: [netbsd]

  '@esbuild/netbsd-x64@0.28.2':
    resolution: {integrity: sha512-lqnzCV+mM0gIADaKihiCg6ifgfU2L3h5E33rNQBN1Y4MaVGnzryzmvvf7UHxprpQdE8hpqLolJ9Rl+SkIRDpyw==}
    engines: {node: '>=18'}
    cpu: [x64]
    os: [netbsd]

  '@esbuild/openbsd-arm64@0.28.2':
    resolution: {integrity: sha512-AL2qJILH7lNjrDmCQDvdxMfAUIv8KMNZOvrwAQ8i8//ntL9FflhOyMJ8OZSMBb8/AWXe3/5v5S20y3zCoZWKoQ==}
    engines: {node: '>=18'}
    cpu: [arm64]
    os: [openbsd]

  '@esbuild/openbsd-x64@0.28.2':
    resolution: {integrity: sha512-QtiuPytchRyC4rwUKhexJdQKvDuZ6hWloi3igqPQNUJCS1/v9EiO3UTOXR6A3FoMo4fnAKbWJdqaIwhOzh8qEw==}
    engines: {node: '>=18'}
    cpu: [x64]
    os: [openbsd]

  '@esbuild/openharmony-arm64@0.28.2':
    resolution: {integrity: sha512-WkhYDmpTjLvGlScA1rwjRUmhl4k8oXR3cIbtqWmELgU/dFeHHlEllxDvdWcNJV9rbzCexB5vz8gtNewWLgCT7Q==}
    engines: {node: '>=18'}
    cpu: [arm64]
    os: [openharmony]

  '@esbuild/sunos-x64@0.28.2':
    resolution: {integrity: sha512-GPMSkTOtMnv2U2F8gxe4Io6qmVs+YKyp832Etqqxr0hFngmXQ3rzwytelm3GIn7T4VviRUlf3sOgBOiTdvaf7g==}
    engines: {node: '>=18'}
    cpu: [x64]
    os: [sunos]

  '@esbuild/win32-arm64@0.28.2':
    resolution: {integrity: sha512-PIhhEkE9uPBleRBrQEJpUn7MBnibZzbGzYWPmY3x+YoVg/95zbjB4CxPPOQ8l5tYYM4mMaCthF8/1DIfBQQyWQ==}
    engines: {node: '>=18'}
    cpu: [arm64]
    os: [win32]

  '@esbuild/win32-ia32@0.28.2':
    resolution: {integrity: sha512-YmJbfTlvU7Sdn9BB+4PRES4oB6pxgS37MAONj+hBr/cpXS1aBPKXxNnDbu+QCWPj0o9dgyxeq79g6c5P8KeuYA==}
    engines: {node: '>=18'}
    cpu: [ia32]
    os: [win32]

  '@esbuild/win32-x64@0.28.2':
    resolution: {integrity: sha512-5ebpxr3nWMzrL/rnUI755Jkuee0bHL/Gq0WTF9lvcpv73wAp5eu8MfBUgWK9bhWvZjj7yX8etf/8tI8Ney695g==}
    engines: {node: '>=18'}
    cpu: [x64]
    os: [win32]

  '@noble/ciphers@1.3.0':
    resolution: {integrity: sha512-2I0gnIVPtfnMw9ee9h1dJG7tp81+8Ob3OJb3Mv37rx5L40/b0i7djjCVvGOVqc9AEIQyvyu1i6ypKdFw8R8gQw==}
    engines: {node: ^14.21.3 || >=16}

  '@noble/ciphers@2.2.0':
    resolution: {integrity: sha512-Z6pjIZ/8IJcCGzb2S/0Px5J81yij85xASuk1teLNeg75bfT07MV3a/O2Mtn1I2se43k3lkVEcFaR10N4cgQcZA==}
    engines: {node: '>= 20.19.0'}

  '@noble/curves@1.9.0':
    resolution: {integrity: sha512-7YDlXiNMdO1YZeH6t/kvopHHbIZzlxrCV9WLqCY6QhcXOoXiNCMDqJIglZ9Yjx5+w7Dz30TITFrlTjnRg7sKEg==}
    engines: {node: ^14.21.3 || >=16}

  '@noble/curves@2.2.0':
    resolution: {integrity: sha512-T/BoHgFXirb0ENSPBquzX0rcjXeM6Lo892a2jlYJkqk83LqZx0l1Of7DzlKJ6jkpvMrkHSnAcgb5JegL8SeIkQ==}
    engines: {node: '>= 20.19.0'}

  '@noble/hashes@1.8.0':
    resolution: {integrity: sha512-jCs9ldd7NwzpgXDIf6P3+NrHh9/sD6CQdxHyjQI+h/6rDNo88ypBxxz45UDuZHz9r3tNz7N/VInSVoVdtXEI4A==}
    engines: {node: ^14.21.3 || >=16}

  '@noble/hashes@2.2.0':
    resolution: {integrity: sha512-IYqDGiTXab6FniAgnSdZwgWbomxpy9FtYvLKs7wCUs2a8RkITG+DFGO1DM9cr+E3/RgADRpFjrKVaJ1z6sjtEg==}
    engines: {node: '>= 20.19.0'}

  '@nomicfoundation/edr-darwin-arm64@0.22.0':
    resolution: {integrity: sha512-1IdPHw4eMCii2giwPuYxyeIwYol5rBI6cVnPIlcXSiWg+jnjFE12RGfw18kzXu+nka2hK9E9IV3M7iZrDfdsbg==}
    engines: {node: '>= 22'}
    cpu: [arm64]
    os: [darwin]

  '@nomicfoundation/edr-darwin-x64@0.22.0':
    resolution: {integrity: sha512-s2GsGmYQsvBNZ5TOohsS65wliUNL6MVlhDSKn/RF+hLd2GE5w9etwnfIsr9pa619/Zsdu9QxRpT+JjarhLWW8Q==}
    engines: {node: '>= 22'}
    cpu: [x64]
    os: [darwin]

  '@nomicfoundation/edr-linux-arm64-gnu@0.22.0':
    resolution: {integrity: sha512-xAzNojRkCJMdCpmJtdwqumMT7jExVlR2zBBAmL6Ibco63AZaTtxTtEI+LIMVbjJGgkmIgx1p/1KOPHaAMfNSVw==}
    engines: {node: '>= 22'}
    cpu: [arm64]
    os: [linux]

  '@nomicfoundation/edr-linux-arm64-musl@0.22.0':
    resolution: {integrity: sha512-exgirWkwQAkQdnjS5w1lwA6p0fG1Z7fce5OgWSL0YzxfI9yUkBIoC4XoyUCCqYhB1Mr/9KXmsI4JDPG2U/2H6g==}
    engines: {node: '>= 22'}
    cpu: [arm64]
    os: [linux]

  '@nomicfoundation/edr-linux-x64-gnu@0.22.0':
    resolution: {integrity: sha512-oYbYDXYIof+/ZKegmwxugGYhoGfnVFLrVqxmW0po9KETuUnNBg7hKn9SzlOLRAIQGoKUUUfiBjvZdp1gzHKMWQ==}
    engines: {node: '>= 22'}
    cpu: [x64]
    os: [linux]

  '@nomicfoundation/edr-linux-x64-musl@0.22.0':
    resolution: {integrity: sha512-DbF/kG49FNfRO4x7qSYFZlIHg3txqq5j06VTRqRG3r+j/C4HXgHG3InlWr5bElKXt+7LGkX57FQAORmSU8/v+A==}
    engines: {node: '>= 22'}
    cpu: [x64]
    os: [linux]

  '@nomicfoundation/edr-win32-x64-msvc@0.22.0':
    resolution: {integrity: sha512-fKqT26zGwnISIYvJcY/yINfyaKMZKLxg2eNpLij752Hl75552ysOo8+SkADd/q5J9DXdFryNJ+CFOXCDKWJ/Ig==}
    engines: {node: '>= 22'}
    cpu: [x64]
    os: [win32]

  '@nomicfoundation/edr@0.22.0':
    resolution: {integrity: sha512-m/RS577AIDg1TMOwGmH8edeiwa6UE1RQnzniUHQJXVHOu40tMexmLNIqaaI0KL0EgoJtYS3/4kz3gzaRGKExyw==}
    engines: {node: '>= 22'}

  '@nomicfoundation/hardhat-errors@3.1.1':
    resolution: {integrity: sha512-NeI8Ze1DsR8PE/Gm4syf3rNaiBw7Mioq3ZMw+6+/SJuNM1epA4RG2pz+06Pg0GUe4sCuuayZw30Fr1YWjF2vYA==}

  '@nomicfoundation/hardhat-utils@4.4.0':
    resolution: {integrity: sha512-fRaVVbPs+Az7K3B40x8jlPDM4o7jfgoTMpxNXjg2JrpxORKqQtf9YSv9HN9lZKFZecLIYwHT3U9RQEOrZBkAEQ==}

  '@nomicfoundation/hardhat-vendored@3.0.4':
    resolution: {integrity: sha512-RO8Otj1FvRvxJmXzkxh1vTwK/+cqSVPYLqY6RrWkmzHEEcxnAwAFsBYdW7xyTEyW/pVbSSNd2gs3aoGdGZaoNA==}

  '@nomicfoundation/hardhat-zod-utils@3.0.6':
    resolution: {integrity: sha512-DraBttTle+tRi24wkEfTYUrsX/Cdp74ySXcc4MUzMQPBQNUTFx5YyTH7qFhXQdz3V171iqLAQpOAhNcEqwmq9Q==}
    peerDependencies:
      zod: ^3.23.8

  '@nomicfoundation/solidity-analyzer-darwin-arm64@0.1.2':
    resolution: {integrity: sha512-JaqcWPDZENCvm++lFFGjrDd8mxtf+CtLd2MiXvMNTBD33dContTZ9TWETwNFwg7JTJT5Q9HEecH7FA+HTSsIUw==}
    engines: {node: '>= 12'}

  '@nomicfoundation/solidity-analyzer-darwin-x64@0.1.2':
    resolution: {integrity: sha512-fZNmVztrSXC03e9RONBT+CiksSeYcxI1wlzqyr0L7hsQlK1fzV+f04g2JtQ1c/Fe74ZwdV6aQBdd6Uwl1052sw==}
    engines: {node: '>= 12'}

  '@nomicfoundation/solidity-analyzer-linux-arm64-gnu@0.1.2':
    resolution: {integrity: sha512-3d54oc+9ZVBuB6nbp8wHylk4xh0N0Gc+bk+/uJae+rUgbOBwQSfuGIbAZt1wBXs5REkSmynEGcqx6DutoK0tPA==}
    engines: {node: '>= 12'}

  '@nomicfoundation/solidity-analyzer-linux-arm64-musl@0.1.2':
    resolution: {integrity: sha512-iDJfR2qf55vgsg7BtJa7iPiFAsYf2d0Tv/0B+vhtnI16+wfQeTbP7teookbGvAo0eJo7aLLm0xfS/GTkvHIucA==}
    engines: {node: '>= 12'}

  '@nomicfoundation/solidity-analyzer-linux-x64-gnu@0.1.2':
    resolution: {integrity: sha512-9dlHMAt5/2cpWyuJ9fQNOUXFB/vgSFORg1jpjX1Mh9hJ/MfZXlDdHQ+DpFCs32Zk5pxRBb07yGvSHk9/fezL+g==}
    engines: {node: '>= 12'}

  '@nomicfoundation/solidity-analyzer-linux-x64-musl@0.1.2':
    resolution: {integrity: sha512-GzzVeeJob3lfrSlDKQw2bRJ8rBf6mEYaWY+gW0JnTDHINA0s2gPR4km5RLIj1xeZZOYz4zRw+AEeYgLRqB2NXg==}
    engines: {node: '>= 12'}

  '@nomicfoundation/solidity-analyzer-win32-x64-msvc@0.1.2':
    resolution: {integrity: sha512-Fdjli4DCcFHb4Zgsz0uEJXZ2K7VEO+w5KVv7HmT7WO10iODdU9csC2az4jrhEsRtiR9Gfd74FlG0NYlw1BMdyA==}
    engines: {node: '>= 12'}

  '@nomicfoundation/solidity-analyzer@0.1.2':
    resolution: {integrity: sha512-q4n32/FNKIhQ3zQGGw5CvPF6GTvDCpYwIf7bEY/dZTZbgfDsHyjJwURxUJf3VQuuJj+fDIFl4+KkBVbw4Ef6jA==}
    engines: {node: '>= 12'}

  '@openzeppelin/community-contracts@https://codeload.github.com/OpenZeppelin/openzeppelin-community-contracts/tar.gz/2add94e5b7ce9d040ae5f6c80b6082e8159002da':
    resolution: {tarball: https://codeload.github.com/OpenZeppelin/openzeppelin-community-contracts/tar.gz/2add94e5b7ce9d040ae5f6c80b6082e8159002da}
    version: 0.0.1

  '@openzeppelin/contracts@5.7.0':
    resolution: {integrity: sha512-IL2AZpI+7THMzt1u6Cxmc1zLwVnudtUGvrqXQ/HnbLKfQ/8dIWMMQPDwPIjRQzNrlAo4cxZaCGRB/XvwPo9ILA==}

  '@scure/base@1.2.6':
    resolution: {integrity: sha512-g/nm5FgUa//MCj1gV09zTJTaM6KBAHqLN907YVQqf7zC49+DcO4B1so4ZX07Ef10Twr6nuqYEH9GEggFXA4Fmg==}

  '@scure/base@2.2.0':
    resolution: {integrity: sha512-b8XEupJibegiXV+tDUseI8oLQc8ei3d/4Jkb2RpbHh3MfE054ov3uIz2dhFkB3FI8iwYkEh0gGCApkrYggkPNg==}

  '@scure/bip32@1.7.0':
    resolution: {integrity: sha512-E4FFX/N3f4B80AKWp5dP6ow+flD1LQZo/w8UnLGYZO674jS6YnYeepycOOksv+vLPSpgN35wgKgy+ybfTb2SMw==}

  '@scure/bip39@1.6.0':
    resolution: {integrity: sha512-+lF0BbLiJNwVlev4eKelw1WWLaiKXw7sSl8T6FvBlWkdX+94aGJ4o8XjUdlyhTCjd8c+B3KT3JfS8P0bLRNU6A==}

  '@sentry/core@9.47.2':
    resolution: {integrity: sha512-WYEP2ZHkTQMP7Gg5frzrQy1475TnK5Qv8wgvHiTlNerYaEBCNpAeWjUltTgfCQ8Hbv1iq4inca7Kqmmyv9gLnQ==}
    engines: {node: '>=18'}

  '@streamparser/json-node@0.0.26':
    resolution: {integrity: sha512-9OxH3oyILbxiHxNfhvfVpyWgaiLDxreWLk6t6xdSZxJlzKciXReMN6w446+lu+cgdpJxJlwNoyfBLPtTrCUJgA==}

  '@streamparser/json@0.0.26':
    resolution: {integrity: sha512-46597LNFI+MFdUnzX2QJWwmdTRdq0XVD+vVNJTtGVzIrnCuhG9pFo1OAzbNBqci8UJgk/X5KJZ6LcV+y7PTuDQ==}

  adm-zip@0.6.1:
    resolution: {integrity: sha512-Xwrja8nx9e5o2N1my4DsKCeKpdrnACyr1wtbPxBDgGzKzKyE9kRtBFA8mWldI+RVlD7CBZNWY/wQ2+ydwOR6kQ==}
    engines: {node: '>=14.0'}

  ansi-colors@4.1.3:
    resolution: {integrity: sha512-/6w/C21Pm1A7aZitlI5Ni/2J6FFQN8i1Cvz3kHABAAbw93v/NlvKdVOqz7CCWz/3iv/JplRSEEZ83XION15ovw==}
    engines: {node: '>=6'}

  ansi-regex@5.0.1:
    resolution: {integrity: sha512-quJQXlTSUGL2LH9SUXo8VwsY4soanhgo6LNSm84E1LBcE8s3O0wpdiRzyR9z/ZZJMlMWv37qOOb9pdJlMUEKFQ==}
    engines: {node: '>=8'}

  chokidar@5.0.0:
    resolution: {integrity: sha512-TQMmc3w+5AxjpL8iIiwebF73dRDF4fBIieAqGn9RGCWaEVwQ6Fb2cGe31Yns0RRIzii5goJ1Y7xbMwo1TxMplw==}
    engines: {node: '>= 20.19.0'}

  enquirer@2.4.1:
    resolution: {integrity: sha512-rRqJg/6gd538VHvR3PSrdRBb/1Vy2YfzHqzvbhGIQpDRKIa4FgV/54b5Q1xYSxOOwKvjXweS26E0Q+nAMwp2pQ==}
    engines: {node: '>=8.6'}

  env-paths@4.0.0:
    resolution: {integrity: sha512-pxP8eL2SwwaTRi/KHYwLYXinDs7gL3jxFcBYmEdYfZmZXbaVDvdppd0XBU8qVz03rDfKZMXg1omHCbsJjZrMsw==}
    engines: {node: '>=20'}

  esbuild@0.28.2:
    resolution: {integrity: sha512-HKVLS8dvII+xoKW9kmqxbRKrnWEXfJJr/FZhhJmiqIB0e053QNYFqOBouTMO/k5sID4MvCiUCvv8b9M4h32wIA==}
    engines: {node: '>=18'}
    hasBin: true

  ethereum-cryptography@3.2.0:
    resolution: {integrity: sha512-Urr5YVsalH+Jo0sYkTkv1MyI9bLYZwW8BENZCeE1QYaTHETEYx0Nv/SVsWkSqpYrzweg6d8KMY1wTjH/1m/BIg==}
    engines: {node: ^14.21.3 || >=16, npm: '>=9'}

  fast-equals@6.1.0:
    resolution: {integrity: sha512-MDA0N5wXvmx0yR0xeOf20qVMbyaEzS2kuxhBrDrIT5w3Gap7bZ/24jtvOvbthbZFmf+7PCC8XCJKGpmhVtvbIg==}
    engines: {node: '>=6.0.0'}

  forge-std@https://codeload.github.com/foundry-rs/forge-std/tar.gz/8e40513d678f392f398620b3ef2b418648b33e89:
    resolution: {tarball: https://codeload.github.com/foundry-rs/forge-std/tar.gz/8e40513d678f392f398620b3ef2b418648b33e89}
    version: 1.11.0

  fsevents@2.3.3:
    resolution: {integrity: sha512-5xoDfX+fL7faATnagmWPpbFtwh/R77WmMMqqHGS65C3vvB0YHrgF+B1YmZ3441tMj5n63k0212XNoJwzlhffQw==}
    engines: {node: ^8.16.0 || ^10.6.0 || >=11.0.0}
    os: [darwin]

  hardhat@3.18.1:
    resolution: {integrity: sha512-40fn/HILjKyV6saNp7VMU+NAeE0ya9RwryEXOo+vu8/TCE7tbj2WNTcJgiLP5Ws5Dty08p75xGEQzyFjkfUqZQ==}
    hasBin: true

  is-safe-filename@0.1.1:
    resolution: {integrity: sha512-4SrR7AdnY11LHfDKTZY1u6Ga3RuxZdl3YKWWShO5iyuG5h8QS4GD2tOb04peBJ5I7pXbR+CGBNEhTcwK+FzN3g==}
    engines: {node: '>=20'}

  json-stream-stringify@3.1.7:
    resolution: {integrity: sha512-F4MWetLtY42YMaAKw5cV4e47zMD5aOT+tjjQWjX18ACtdkQ5Y/vrcfbcQ107Rh+MXjOCIx4KhW0wPmOvG8iQ5w==}
    engines: {node: '>=7.10.1'}

  micro-eth-signer@0.19.0:
    resolution: {integrity: sha512-vgij8q88ZMcTvWDnOy76htaneQqagvU7FYjvtxUCeQJT2iTjYCHMzw46ArybKJNZICQ8W8qUFhI9CXWCePd9uQ==}
    engines: {node: '>= 20.19.0'}

  micro-packed@0.9.0:
    resolution: {integrity: sha512-gFdaWTxEXOwtSOcpxulO4AuXVtp3HWIRmB8eq8+3m1Zku0ubgva0UGpi03YhcvsTJasHngG9gTIUK5kHNKdesg==}
    engines: {node: '>= 20.19.0'}

  p-map@7.0.8:
    resolution: {integrity: sha512-MitaVsCuCFIvOLLPIU7NnfrZvS9H9h7kwMUkDo+T2pEISaJD48IV9S8iIdXB7PsvvdxyYcsSTTrr90XKsbulNw==}
    engines: {node: '>=18'}

  readdirp@5.1.1:
    resolution: {integrity: sha512-Kko+Y5XQ6fM+Ce3dq3m9YGxnacYZYl9cA1wZjaF3Vbry2L3i1qVg8+CAgNPsXRArPMUMCaOR7oa9Nqntc43JKA==}
    engines: {node: '>= 20.19.0'}

  resolve.exports@2.0.3:
    resolution: {integrity: sha512-OcXjMsGdhL4XnbShKpAcSqPMzQoYkYyhbEaeSko47MjRP9NfEQMhZkXL1DoFlt9LWQn4YttrdnV6X2OiyzBi+A==}
    engines: {node: '>=10'}

  rfdc@1.4.1:
    resolution: {integrity: sha512-q1b3N5QkRUWUl7iyylaaj3kOpIT0N2i9MqIEQXP73GVsN9cw3fdx8X63cEmWhJGi2PPCF23Ijp7ktmd39rawIA==}

  semver@7.8.5:
    resolution: {integrity: sha512-Y7/KDsb8LjooZpwaqGyulO6DQlksgCncchHGk+sZIY4SBvUocMBEFH5Ur1fI4dV+Jvl0w6cjvucaIi40puRioA==}
    engines: {node: '>=10'}
    hasBin: true

  strip-ansi@6.0.1:
    resolution: {integrity: sha512-Y38VPSHcqkFrCpFnQ9vuSXmquuv5oXOKpGeT6aGrr3o3Gc9AlVa6JBfUSOCnbxGGZF+/0ooI7KrPuUSztUdU5A==}
    engines: {node: '>=8'}

  tsx@4.23.15:
    resolution: {integrity: sha512-Yiex1Ovn8z2xPpOWckIiysV1SSyRMY9BkLF++q0yKiDxCqRhosKfMg3janKkiLBwZ5c/YryloKwGZcrEmtwxKw==}
    engines: {node: '>=18.0.0'}
    hasBin: true

  undici@7.30.0:
    resolution: {integrity: sha512-dkrQXeHSaoamnItlYbmzG0wFYrM0ZwDxCIg0A7aKjTyyhh9svRzCNFEzV+Vm05/yehjCzjDZ31KXfGEjYSztDQ==}
    engines: {node: '>=20.18.1'}

  ws@8.22.0:
    resolution: {integrity: sha512-Ydggc987+RO0AnWtZ/7Wq9FtNvcrL1b/RO0ud9mWjUPgDrsAAwQSF51sm2hm1XofbU/4jkpGEsLFsZZxU+1DOg==}
    engines: {node: '>=10.0.0'}
    peerDependencies:
      bufferutil: ^4.0.1
      utf-8-validate: '>=5.0.2'
    peerDependenciesMeta:
      bufferutil:
        optional: true
      utf-8-validate:
        optional: true

  zod@3.25.76:
    resolution: {integrity: sha512-gzUt/qt81nXsFGKIFcC3YnfEAx5NkunCfnDlvuBSSFS02bcXu4Lmea0AFIUwbLWxWPx3d9p8S5QoaujKcNQxcQ==}

snapshots:

  '@esbuild/aix-ppc64@0.28.2':
    optional: true

  '@esbuild/android-arm64@0.28.2':
    optional: true

  '@esbuild/android-arm@0.28.2':
    optional: true

  '@esbuild/android-x64@0.28.2':
    optional: true

  '@esbuild/darwin-arm64@0.28.2':
    optional: true

  '@esbuild/darwin-x64@0.28.2':
    optional: true

  '@esbuild/freebsd-arm64@0.28.2':
    optional: true

  '@esbuild/freebsd-x64@0.28.2':
    optional: true

  '@esbuild/linux-arm64@0.28.2':
    optional: true

  '@esbuild/linux-arm@0.28.2':
    optional: true

  '@esbuild/linux-ia32@0.28.2':
    optional: true

  '@esbuild/linux-loong64@0.28.2':
    optional: true

  '@esbuild/linux-mips64el@0.28.2':
    optional: true

  '@esbuild/linux-ppc64@0.28.2':
    optional: true

  '@esbuild/linux-riscv64@0.28.2':
    optional: true

  '@esbuild/linux-s390x@0.28.2':
    optional: true

  '@esbuild/linux-x64@0.28.2':
    optional: true

  '@esbuild/netbsd-arm64@0.28.2':
    optional: true

  '@esbuild/netbsd-x64@0.28.2':
    optional: true

  '@esbuild/openbsd-arm64@0.28.2':
    optional: true

  '@esbuild/openbsd-x64@0.28.2':
    optional: true

  '@esbuild/openharmony-arm64@0.28.2':
    optional: true

  '@esbuild/sunos-x64@0.28.2':
    optional: true

  '@esbuild/win32-arm64@0.28.2':
    optional: true

  '@esbuild/win32-ia32@0.28.2':
    optional: true

  '@esbuild/win32-x64@0.28.2':
    optional: true

  '@noble/ciphers@1.3.0': {}

  '@noble/ciphers@2.2.0': {}

  '@noble/curves@1.9.0':
    dependencies:
      '@noble/hashes': 1.8.0

  '@noble/curves@2.2.0':
    dependencies:
      '@noble/hashes': 2.2.0

  '@noble/hashes@1.8.0': {}

  '@noble/hashes@2.2.0': {}

  '@nomicfoundation/edr-darwin-arm64@0.22.0':
    optional: true

  '@nomicfoundation/edr-darwin-x64@0.22.0':
    optional: true

  '@nomicfoundation/edr-linux-arm64-gnu@0.22.0':
    optional: true

  '@nomicfoundation/edr-linux-arm64-musl@0.22.0':
    optional: true

  '@nomicfoundation/edr-linux-x64-gnu@0.22.0':
    optional: true

  '@nomicfoundation/edr-linux-x64-musl@0.22.0':
    optional: true

  '@nomicfoundation/edr-win32-x64-msvc@0.22.0':
    optional: true

  '@nomicfoundation/edr@0.22.0':
    optionalDependencies:
      '@nomicfoundation/edr-darwin-arm64': 0.22.0
      '@nomicfoundation/edr-darwin-x64': 0.22.0
      '@nomicfoundation/edr-linux-arm64-gnu': 0.22.0
      '@nomicfoundation/edr-linux-arm64-musl': 0.22.0
      '@nomicfoundation/edr-linux-x64-gnu': 0.22.0
      '@nomicfoundation/edr-linux-x64-musl': 0.22.0
      '@nomicfoundation/edr-win32-x64-msvc': 0.22.0

  '@nomicfoundation/hardhat-errors@3.1.1':
    dependencies:
      '@nomicfoundation/hardhat-utils': 4.4.0

  '@nomicfoundation/hardhat-utils@4.4.0':
    dependencies:
      '@streamparser/json-node': 0.0.26
      env-paths: 4.0.0
      ethereum-cryptography: 3.2.0
      fast-equals: 6.1.0
      json-stream-stringify: 3.1.7
      micro-eth-signer: 0.19.0
      rfdc: 1.4.1
      undici: 7.30.0

  '@nomicfoundation/hardhat-vendored@3.0.4': {}

  '@nomicfoundation/hardhat-zod-utils@3.0.6(zod@3.25.76)':
    dependencies:
      '@nomicfoundation/hardhat-errors': 3.1.1
      '@nomicfoundation/hardhat-utils': 4.4.0
      zod: 3.25.76

  '@nomicfoundation/solidity-analyzer-darwin-arm64@0.1.2':
    optional: true

  '@nomicfoundation/solidity-analyzer-darwin-x64@0.1.2':
    optional: true

  '@nomicfoundation/solidity-analyzer-linux-arm64-gnu@0.1.2':
    optional: true

  '@nomicfoundation/solidity-analyzer-linux-arm64-musl@0.1.2':
    optional: true

  '@nomicfoundation/solidity-analyzer-linux-x64-gnu@0.1.2':
    optional: true

  '@nomicfoundation/solidity-analyzer-linux-x64-musl@0.1.2':
    optional: true

  '@nomicfoundation/solidity-analyzer-win32-x64-msvc@0.1.2':
    optional: true

  '@nomicfoundation/solidity-analyzer@0.1.2':
    optionalDependencies:
      '@nomicfoundation/solidity-analyzer-darwin-arm64': 0.1.2
      '@nomicfoundation/solidity-analyzer-darwin-x64': 0.1.2
      '@nomicfoundation/solidity-analyzer-linux-arm64-gnu': 0.1.2
      '@nomicfoundation/solidity-analyzer-linux-arm64-musl': 0.1.2
      '@nomicfoundation/solidity-analyzer-linux-x64-gnu': 0.1.2
      '@nomicfoundation/solidity-analyzer-linux-x64-musl': 0.1.2
      '@nomicfoundation/solidity-analyzer-win32-x64-msvc': 0.1.2

  '@openzeppelin/community-contracts@https://codeload.github.com/OpenZeppelin/openzeppelin-community-contracts/tar.gz/2add94e5b7ce9d040ae5f6c80b6082e8159002da': {}

  '@openzeppelin/contracts@5.7.0': {}

  '@scure/base@1.2.6': {}

  '@scure/base@2.2.0': {}

  '@scure/bip32@1.7.0':
    dependencies:
      '@noble/curves': 1.9.0
      '@noble/hashes': 1.8.0
      '@scure/base': 1.2.6

  '@scure/bip39@1.6.0':
    dependencies:
      '@noble/hashes': 1.8.0
      '@scure/base': 1.2.6

  '@sentry/core@9.47.2': {}

  '@streamparser/json-node@0.0.26':
    dependencies:
      '@streamparser/json': 0.0.26

  '@streamparser/json@0.0.26': {}

  adm-zip@0.6.1: {}

  ansi-colors@4.1.3: {}

  ansi-regex@5.0.1: {}

  chokidar@5.0.0:
    dependencies:
      readdirp: 5.1.1

  enquirer@2.4.1:
    dependencies:
      ansi-colors: 4.1.3
      strip-ansi: 6.0.1

  env-paths@4.0.0:
    dependencies:
      is-safe-filename: 0.1.1

  esbuild@0.28.2:
    optionalDependencies:
      '@esbuild/aix-ppc64': 0.28.2
      '@esbuild/android-arm': 0.28.2
      '@esbuild/android-arm64': 0.28.2
      '@esbuild/android-x64': 0.28.2
      '@esbuild/darwin-arm64': 0.28.2
      '@esbuild/darwin-x64': 0.28.2
      '@esbuild/freebsd-arm64': 0.28.2
      '@esbuild/freebsd-x64': 0.28.2
      '@esbuild/linux-arm': 0.28.2
      '@esbuild/linux-arm64': 0.28.2
      '@esbuild/linux-ia32': 0.28.2
      '@esbuild/linux-loong64': 0.28.2
      '@esbuild/linux-mips64el': 0.28.2
      '@esbuild/linux-ppc64': 0.28.2
      '@esbuild/linux-riscv64': 0.28.2
      '@esbuild/linux-s390x': 0.28.2
      '@esbuild/linux-x64': 0.28.2
      '@esbuild/netbsd-arm64': 0.28.2
      '@esbuild/netbsd-x64': 0.28.2
      '@esbuild/openbsd-arm64': 0.28.2
      '@esbuild/openbsd-x64': 0.28.2
      '@esbuild/openharmony-arm64': 0.28.2
      '@esbuild/sunos-x64': 0.28.2
      '@esbuild/win32-arm64': 0.28.2
      '@esbuild/win32-ia32': 0.28.2
      '@esbuild/win32-x64': 0.28.2

  ethereum-cryptography@3.2.0:
    dependencies:
      '@noble/ciphers': 1.3.0
      '@noble/curves': 1.9.0
      '@noble/hashes': 1.8.0
      '@scure/bip32': 1.7.0
      '@scure/bip39': 1.6.0

  fast-equals@6.1.0: {}

  forge-std@https://codeload.github.com/foundry-rs/forge-std/tar.gz/8e40513d678f392f398620b3ef2b418648b33e89: {}

  fsevents@2.3.3:
    optional: true

  hardhat@3.18.1:
    dependencies:
      '@nomicfoundation/edr': 0.22.0
      '@nomicfoundation/hardhat-errors': 3.1.1
      '@nomicfoundation/hardhat-utils': 4.4.0
      '@nomicfoundation/hardhat-vendored': 3.0.4
      '@nomicfoundation/hardhat-zod-utils': 3.0.6(zod@3.25.76)
      '@nomicfoundation/solidity-analyzer': 0.1.2
      '@sentry/core': 9.47.2
      adm-zip: 0.6.1
      chokidar: 5.0.0
      enquirer: 2.4.1
      ethereum-cryptography: 3.2.0
      micro-eth-signer: 0.19.0
      p-map: 7.0.8
      resolve.exports: 2.0.3
      semver: 7.8.5
      tsx: 4.23.15
      ws: 8.22.0
      zod: 3.25.76
    transitivePeerDependencies:
      - bufferutil
      - utf-8-validate

  is-safe-filename@0.1.1: {}

  json-stream-stringify@3.1.7: {}

  micro-eth-signer@0.19.0:
    dependencies:
      '@noble/ciphers': 2.2.0
      '@noble/curves': 2.2.0
      '@noble/hashes': 2.2.0
      micro-packed: 0.9.0

  micro-packed@0.9.0:
    dependencies:
      '@scure/base': 2.2.0

  p-map@7.0.8: {}

  readdirp@5.1.1: {}

  resolve.exports@2.0.3: {}

  rfdc@1.4.1: {}

  semver@7.8.5: {}

  strip-ansi@6.0.1:
    dependencies:
      ansi-regex: 5.0.1

  tsx@4.23.15:
    dependencies:
      esbuild: 0.28.2
    optionalDependencies:
      fsevents: 2.3.3

  undici@7.30.0: {}

  ws@8.22.0: {}

  zod@3.25.76: {}
